
Microsoft Visual Studio Solution File, Format Version 12.00
# Visual Studio Version 17
VisualStudioVersion = 17.14.36717.8 d17.14
MinimumVisualStudioVersion = 10.0.40219.1
Project("{FAE04EC0-301F-11D3-BF4B-00C04F79EFBC}") = "PresentationLayer", "PresentationLayer\PresentationLayer.csproj", "{CA5E7304-C1CB-464E-9553-D4604E814A86}"
EndProject
Project("{FAE04EC0-301F-11D3-BF4B-00C04F79EFBC}") = "DataAccessLayer", "..\DataAccessLayer\DataAccessLayer.csproj", "{A309C45B-A6A4-4B8A-932E-F69F4E00E91E}"
EndProject
Project("{FAE04EC0-301F-11D3-BF4B-00C04F79EFBC}") = "BusinessLogicLayer", "..\BusinessLogicLayer\BusinessLogicLayer.csproj", "{723DC279-6A61-42A2-B174-685AADF36F17}"
EndProject
Global
	GlobalSection(SolutionConfigurationPlatforms) = preSolution
		Debug|Any CPU = Debug|Any CPU
		Release|Any CPU = Release|Any CPU
	EndGlobalSection
	GlobalSection(ProjectConfigurationPlatforms) = postSolution
		{CA5E7304-C1CB-464E-9553-D4604E814A86}.Debug|Any CPU.ActiveCfg = Debug|Any CPU
		{CA5E7304-C1CB-464E-9553-D4604E814A86}.Debug|Any CPU.Build.0 = Debug|Any CPU
		{CA5E7304-C1CB-464E-9553-D4604E814A86}.Release|Any CPU.ActiveCfg = Release|Any CPU
		{CA5E7304-C1CB-464E-9553-D4604E814A86}.Release|Any CPU.Build.0 = Release|Any CPU
		{A309C45B-A6A4-4B8A-932E-F69F4E00E91E}.Debug|Any CPU.ActiveCfg = Debug|Any CPU
		{A309C45B-A6A4-4B8A-932E-F69F4E00E91E}.Debug|Any CPU.Build.0 = Debug|Any CPU
		{A309C45B-A6A4-4B8A-932E-F69F4E00E91E}.Release|Any CPU.ActiveCfg = Release|Any CPU
		{A309C45B-A6A4-4B8A-932E-F69F4E00E91E}.Release|Any CPU.Build.0 = Release|Any CPU
		{723DC279-6A61-42A2-B174-685AADF36F17}.Debug|Any CPU.ActiveCfg = Debug|Any CPU
		{723DC279-6A61-42A2-B174-685AADF36F17}.Debug|Any CPU.Build.0 = Debug|Any CPU
		{723DC279-6A61-42A2-B174-685AADF36F17}.Release|Any CPU.ActiveCfg = Release|Any CPU
		{723DC279-6A61-42A2-B174-685AADF36F17}.Release|Any CPU.Build.0 = Release|Any CPU
	EndGlobalSection
	GlobalSection(SolutionProperties) = preSolution
		HideSolutionNode = FALSE
	EndGlobalSection
	GlobalSection(ExtensibilityGlobals) = postSolution
		SolutionGuid = {2BEDBF57-E599-484E-A8F0-463C58F2A6D7}
	EndGlobalSection
EndGlobal
